{
  "name": "draw-decimals",
  "version": "1.0.0",
  "lockfileVersion": 3,
  "requires": true,
  "packages": {
    "": {
      "name": "draw-decimals",
      "version": "1.0.0",
      "dependencies": {
        "draw-decimals": "file:"
      }
    },
    "node_modules/draw-decimals": {
      "resolved": "",
      "link": true
    }
  }
}
